
Microsoft Visual Studio Solution File, Format Version 12.00
# Visual Studio Version 17
VisualStudioVersion = 17.8.34511.84
MinimumVisualStudioVersion = 10.0.40219.1
Project("{9A19103F-16F7-4668-BE54-9A1E7A4F7556}") = "PalBuddy.Core", "PalBuddy.Core\PalBuddy.Core.csproj", "{B242D464-AE1D-4ADB-89E9-CC57E2CB13B6}"
EndProject
Project("{9A19103F-16F7-4668-BE54-9A1E7A4F7556}") = "UnitTest", "UnitTest\UnitTest.csproj", "{02DB5CD2-0543-4728-9DC3-E18B266BCFCF}"
EndProject
Project("{9A19103F-16F7-4668-BE54-9A1E7A4F7556}") = "FakeServer", "FakeServer\FakeServer.csproj", "{FE6EFE37-ED74-4A37-80CB-3C8B03ED6213}"
EndProject
Project("{9A19103F-16F7-4668-BE54-9A1E7A4F7556}") = "ConsoleTest", "ConsoleTest\ConsoleTest.csproj", "{B31379E1-6E40-435E-8B7E-262F3E5D8979}"
EndProject
Project("{9A19103F-16F7-4668-BE54-9A1E7A4F7556}") = "PalBuddy.Web", "PalBuddy.Web\PalBuddy.Web.csproj", "{7C870859-7C49-47F1-A872-5A9469997A5A}"
EndProject
Global
	GlobalSection(SolutionConfigurationPlatforms) = preSolution
		Debug|Any CPU = Debug|Any CPU
		Release|Any CPU = Release|Any CPU
	EndGlobalSection
	GlobalSection(ProjectConfigurationPlatforms) = postSolution
		{B242D464-AE1D-4ADB-89E9-CC57E2CB13B6}.Debug|Any CPU.ActiveCfg = Debug|Any CPU
		{B242D464-AE1D-4ADB-89E9-CC57E2CB13B6}.Debug|Any CPU.Build.0 = Debug|Any CPU
		{B242D464-AE1D-4ADB-89E9-CC57E2CB13B6}.Release|Any CPU.ActiveCfg = Release|Any CPU
		{B242D464-AE1D-4ADB-89E9-CC57E2CB13B6}.Release|Any CPU.Build.0 = Release|Any CPU
		{02DB5CD2-0543-4728-9DC3-E18B266BCFCF}.Debug|Any CPU.ActiveCfg = Debug|Any CPU
		{02DB5CD2-0543-4728-9DC3-E18B266BCFCF}.Debug|Any CPU.Build.0 = Debug|Any CPU
		{02DB5CD2-0543-4728-9DC3-E18B266BCFCF}.Release|Any CPU.ActiveCfg = Release|Any CPU
		{02DB5CD2-0543-4728-9DC3-E18B266BCFCF}.Release|Any CPU.Build.0 = Release|Any CPU
		{FE6EFE37-ED74-4A37-80CB-3C8B03ED6213}.Debug|Any CPU.ActiveCfg = Debug|Any CPU
		{FE6EFE37-ED74-4A37-80CB-3C8B03ED6213}.Debug|Any CPU.Build.0 = Debug|Any CPU
		{FE6EFE37-ED74-4A37-80CB-3C8B03ED6213}.Release|Any CPU.ActiveCfg = Release|Any CPU
		{FE6EFE37-ED74-4A37-80CB-3C8B03ED6213}.Release|Any CPU.Build.0 = Release|Any CPU
		{B31379E1-6E40-435E-8B7E-262F3E5D8979}.Debug|Any CPU.ActiveCfg = Debug|Any CPU
		{B31379E1-6E40-435E-8B7E-262F3E5D8979}.Debug|Any CPU.Build.0 = Debug|Any CPU
		{B31379E1-6E40-435E-8B7E-262F3E5D8979}.Release|Any CPU.ActiveCfg = Release|Any CPU
		{B31379E1-6E40-435E-8B7E-262F3E5D8979}.Release|Any CPU.Build.0 = Release|Any CPU
		{7C870859-7C49-47F1-A872-5A9469997A5A}.Debug|Any CPU.ActiveCfg = Debug|Any CPU
		{7C870859-7C49-47F1-A872-5A9469997A5A}.Debug|Any CPU.Build.0 = Debug|Any CPU
		{7C870859-7C49-47F1-A872-5A9469997A5A}.Release|Any CPU.ActiveCfg = Release|Any CPU
		{7C870859-7C49-47F1-A872-5A9469997A5A}.Release|Any CPU.Build.0 = Release|Any CPU
	EndGlobalSection
	GlobalSection(SolutionProperties) = preSolution
		HideSolutionNode = FALSE
	EndGlobalSection
	GlobalSection(ExtensibilityGlobals) = postSolution
		SolutionGuid = {EC25F5AC-A90D-410B-8C16-231536C303DD}
	EndGlobalSection
EndGlobal
